{
  "requires": true,
  "lockfileVersion": 1,
  "dependencies": {
    "rooks": {
      "version": "4.5.0",
      "resolved": "https://registry.npmjs.org/rooks/-/rooks-4.5.0.tgz",
      "integrity": "sha512-+3hJ5iqZJcPYeFvjzrrbylf62WJV3ALADM7KbT+L6wnmiYToF4alPRdwxDA7dUxVFOn9QZQbZAVhIcsVQ4mxiA=="
    }
  }
}
